
Microsoft Visual Studio Solution File, Format Version 12.00
# Visual Studio Version 16
VisualStudioVersion = 16.0.30320.27
MinimumVisualStudioVersion = 10.0.40219.1
Project("{FAE04EC0-301F-11D3-BF4B-00C04F79EFBC}") = "COMPX101", "COMPX101\COMPX101.csproj", "{A13F2636-4C72-47D5-90E2-753CBAA5A2E9}"
EndProject
Global
	GlobalSection(SolutionConfigurationPlatforms) = preSolution
		Debug|Any CPU = Debug|Any CPU
		Release|Any CPU = Release|Any CPU
	EndGlobalSection
	GlobalSection(ProjectConfigurationPlatforms) = postSolution
		{A13F2636-4C72-47D5-90E2-753CBAA5A2E9}.Debug|Any CPU.ActiveCfg = Debug|Any CPU
		{A13F2636-4C72-47D5-90E2-753CBAA5A2E9}.Debug|Any CPU.Build.0 = Debug|Any CPU
		{A13F2636-4C72-47D5-90E2-753CBAA5A2E9}.Release|Any CPU.ActiveCfg = Release|Any CPU
		{A13F2636-4C72-47D5-90E2-753CBAA5A2E9}.Release|Any CPU.Build.0 = Release|Any CPU
	EndGlobalSection
	GlobalSection(SolutionProperties) = preSolution
		HideSolutionNode = FALSE
	EndGlobalSection
	GlobalSection(ExtensibilityGlobals) = postSolution
		SolutionGuid = {479638FE-AD32-42A0-BB7C-CF17D73E27D6}
	EndGlobalSection
EndGlobal
